// !$*UTF8*$!
{
	archiveVersion = 1;
	classes = {
	};
	objectVersion = 50;
	objects = {

/* Begin PBXBuildFile section */
		271C0735247257E2008D367A /* AppDelegate.swift in Sources */ = {isa = PBXBuildFile; fileRef = 271C0734247257E2008D367A /* AppDelegate.swift */; };
		271C0737247257E2008D367A /* SceneDelegate.swift in Sources */ = {isa = PBXBuildFile; fileRef = 271C0736247257E2008D367A /* SceneDelegate.swift */; };
		271C0739247257E2008D367A /* ViewController.swift in Sources */ = {isa = PBXBuildFile; fileRef = 271C0738247257E2008D367A /* ViewController.swift */; };
		271C073C247257E2008D367A /* Main.storyboard in Resources */ = {isa = PBXBuildFile; fileRef = 271C073A247257E2008D367A /* Main.storyboard */; };
		271C073E247257E6008D367A /* Assets.xcassets in Resources */ = {isa = PBXBuildFile; fileRef = 271C073D247257E6008D367A /* Assets.xcassets */; };
		271C0741247257E6008D367A /* LaunchScreen.storyboard in Resources */ = {isa = PBXBuildFile; fileRef = 271C073F247257E6008D367A /* LaunchScreen.storyboard */; };
		271C074C247257E7008D367A /* BluetoothPeripheralTests.swift in Sources */ = {isa = PBXBuildFile; fileRef = 271C074B247257E7008D367A /* BluetoothPeripheralTests.swift */; };
		271C075724725FB4008D367A /* BluetoothPeripheral.swift in Sources */ = {isa = PBXBuildFile; fileRef = 271C075624725FB4008D367A /* BluetoothPeripheral.swift */; };
		271C075924726622008D367A /* Setting.swift in Sources */ = {isa = PBXBuildFile; fileRef = 271C075824726622008D367A /* Setting.swift */; };
		276F104C24FD60A400E487E9 /* UUIDViewController.swift in Sources */ = {isa = PBXBuildFile; fileRef = 276F104B24FD60A400E487E9 /* UUIDViewController.swift */; };
/* End PBXBuildFile section */

/* Begin PBXContainerItemProxy section */
		271C0748247257E7008D367A /* PBXContainerItemProxy */ = {
			isa = PBXContainerItemProxy;
			containerPortal = 271C0729247257E2008D367A /* Project object */;
			proxyType = 1;
			remoteGlobalIDString = 271C0730247257E2008D367A;
			remoteInfo = BluetoothPeripheral;
		};
/* End PBXContainerItemProxy section */

/* Begin PBXFileReference section */
		271C0731247257E2008D367A /* BluetoothPeripheral.app */ = {isa = PBXFileReference; explicitFileType = wrapper.application; includeInIndex = 0; path = BluetoothPeripheral.app; sourceTree = BUILT_PRODUCTS_DIR; };
		271C0734247257E2008D367A /* AppDelegate.swift */ = {isa = PBXFileReference; lastKnownFileType = sourcecode.swift; path = AppDelegate.swift; sourceTree = "<group>"; };
		271C0736247257E2008D367A /* SceneDelegate.swift */ = {isa = PBXFileReference; lastKnownFileType = sourcecode.swift; path = SceneDelegate.swift; sourceTree = "<group>"; };
		271C0738247257E2008D367A /* ViewController.swift */ = {isa = PBXFileReference; lastKnownFileType = sourcecode.swift; path = ViewController.swift; sourceTree = "<group>"; };
		271C073B247257E2008D367A /* Base */ = {isa = PBXFileReference; lastKnownFileType = file.storyboard; name = Base; path = Base.lproj/Main.storyboard; sourceTree = "<group>"; };
		271C073D247257E6008D367A /* Assets.xcassets */ = {isa = PBXFileReference; lastKnownFileType = folder.assetcatalog; path = Assets.xcassets; sourceTree = "<group>"; };
		271C0740247257E6008D367A /* Base */ = {isa = PBXFileReference; lastKnownFileType = file.storyboard; name = Base; path = Base.lproj/LaunchScreen.storyboard; sourceTree = "<group>"; };
		271C0742247257E6008D367A /* Info.plist */ = {isa = PBXFileReference; lastKnownFileType = text.plist.xml; path = Info.plist; sourceTree = "<group>"; };
		271C0747247257E7008D367A /* BluetoothPeripheralTests.xctest */ = {isa = PBXFileReference; explicitFileType = wrapper.cfbundle; includeInIndex = 0; path = BluetoothPeripheralTests.xctest; sourceTree = BUILT_PRODUCTS_DIR; };
		271C074B247257E7008D367A /* BluetoothPeripheralTests.swift */ = {isa = PBXFileReference; lastKnownFileType = sourcecode.swift; path = BluetoothPeripheralTests.swift; sourceTree = "<group>"; };
		271C074D247257E7008D367A /* Info.plist */ = {isa = PBXFileReference; lastKnownFileType = text.plist.xml; path = Info.plist; sourceTree = "<group>"; };
		271C075624725FB4008D367A /* BluetoothPeripheral.swift */ = {isa = PBXFileReference; lastKnownFileType = sourcecode.swift; path = BluetoothPeripheral.swift; sourceTree = "<group>"; };
		271C075824726622008D367A /* Setting.swift */ = {isa = PBXFileReference; lastKnownFileType = sourcecode.swift; path = Setting.swift; sourceTree = "<group>"; };
		276F104B24FD60A400E487E9 /* UUIDViewController.swift */ = {isa = PBXFileReference; lastKnownFileType = sourcecode.swift; path = UUIDViewController.swift; sourceTree = "<group>"; };
/* End PBXFileReference section */

/* Begin PBXFrameworksBuildPhase section */
		271C072E247257E2008D367A /* Frameworks */ = {
			isa = PBXFrameworksBuildPhase;
			buildActionMask = 2147483647;
			files = (
			);
			runOnlyForDeploymentPostprocessing = 0;
		};
		271C0744247257E7008D367A /* Frameworks */ = {
			isa = PBXFrameworksBuildPhase;
			buildActionMask = 2147483647;
			files = (
			);
			runOnlyForDeploymentPostprocessing = 0;
		};
/* End PBXFrameworksBuildPhase section */

/* Begin PBXGroup section */
		271C0728247257E2008D367A = {
			isa = PBXGroup;
			children = (
				271C0733247257E2008D367A /* BluetoothPeripheral */,
				271C074A247257E7008D367A /* BluetoothPeripheralTests */,
				271C0732247257E2008D367A /* Products */,
			);
			sourceTree = "<group>";
		};
		271C0732247257E2008D367A /* Products */ = {
			isa = PBXGroup;
			children = (
				271C0731247257E2008D367A /* BluetoothPeripheral.app */,
				271C0747247257E7008D367A /* BluetoothPeripheralTests.xctest */,
			);
			name = Products;
			sourceTree = "<group>";
		};
		271C0733247257E2008D367A /* BluetoothPeripheral */ = {
			isa = PBXGroup;
			children = (
				271C0734247257E2008D367A /* AppDelegate.swift */,
				271C0736247257E2008D367A /* SceneDelegate.swift */,
				271C075824726622008D367A /* Setting.swift */,
				271C0738247257E2008D367A /* ViewController.swift */,
				271C073A247257E2008D367A /* Main.storyboard */,
				271C073D247257E6008D367A /* Assets.xcassets */,
				271C073F247257E6008D367A /* LaunchScreen.storyboard */,
				271C0742247257E6008D367A /* Info.plist */,
				271C075624725FB4008D367A /* BluetoothPeripheral.swift */,
				276F104B24FD60A400E487E9 /* UUIDViewController.swift */,
			);
			path = BluetoothPeripheral;
			sourceTree = "<group>";
		};
		271C074A247257E7008D367A /* BluetoothPeripheralTests */ = {
			isa = PBXGroup;
			children = (
				271C074B247257E7008D367A /* BluetoothPeripheralTests.swift */,
				271C074D247257E7008D367A /* Info.plist */,
			);
			path = BluetoothPeripheralTests;
			sourceTree = "<group>";
		};
/* End PBXGroup section */

/* Begin PBXNativeTarget section */
		271C0730247257E2008D367A /* BluetoothPeripheral */ = {
			isa = PBXNativeTarget;
			buildConfigurationList = 271C0750247257E7008D367A /* Build configuration list for PBXNativeTarget "BluetoothPeripheral" */;
			buildPhases = (
				271C072D247257E2008D367A /* Sources */,
				271C072E247257E2008D367A /* Frameworks */,
				271C072F247257E2008D367A /* Resources */,
			);
			buildRules = (
			);
			dependencies = (
			);
			name = BluetoothPeripheral;
			productName = BluetoothPeripheral;
			productReference = 271C0731247257E2008D367A /* BluetoothPeripheral.app */;
			productType = "com.apple.product-type.application";
		};
		271C0746247257E7008D367A /* BluetoothPeripheralTests */ = {
			isa = PBXNativeTarget;
			buildConfigurationList = 271C0753247257E7008D367A /* Build configuration list for PBXNativeTarget "BluetoothPeripheralTests" */;
			buildPhases = (
				271C0743247257E7008D367A /* Sources */,
				271C0744247257E7008D367A /* Frameworks */,
				271C0745247257E7008D367A /* Resources */,
			);
			buildRules = (
			);
			dependencies = (
				271C0749247257E7008D367A /* PBXTargetDependency */,
			);
			name = BluetoothPeripheralTests;
			productName = BluetoothPeripheralTests;
			productReference = 271C0747247257E7008D367A /* BluetoothPeripheralTests.xctest */;
			productType = "com.apple.product-type.bundle.unit-test";
		};
/* End PBXNativeTarget section */

/* Begin PBXProject section */
		271C0729247257E2008D367A /* Project object */ = {
			isa = PBXProject;
			attributes = {
				LastSwiftUpdateCheck = 1130;
				LastUpgradeCheck = 1130;
				ORGANIZATIONNAME = "Yuki Tachi";
				TargetAttributes = {
					271C0730247257E2008D367A = {
						CreatedOnToolsVersion = 11.3.1;
					};
					271C0746247257E7008D367A = {
						CreatedOnToolsVersion = 11.3.1;
						TestTargetID = 271C0730247257E2008D367A;
					};
				};
			};
			buildConfigurationList = 271C072C247257E2008D367A /* Build configuration list for PBXProject "BluetoothPeripheral" */;
			compatibilityVersion = "Xcode 9.3";
			developmentRegion = en;
			hasScannedForEncodings = 0;
			knownRegions = (
				en,
				Base,
			);
			mainGroup = 271C0728247257E2008D367A;
			productRefGroup = 271C0732247257E2008D367A /* Products */;
			projectDirPath = "";
			projectRoot = "";
			targets = (
				271C0730247257E2008D367A /* BluetoothPeripheral */,
				271C0746247257E7008D367A /* BluetoothPeripheralTests */,
			);
		};
/* End PBXProject section */

/* Begin PBXResourcesBuildPhase section */
		271C072F247257E2008D367A /* Resources */ = {
			isa = PBXResourcesBuildPhase;
			buildActionMask = 2147483647;
			files = (
				271C0741247257E6008D367A /* LaunchScreen.storyboard in Resources */,
				271C073E247257E6008D367A /* Assets.xcassets in Resources */,
				271C073C247257E2008D367A /* Main.storyboard in Resources */,
			);
			runOnlyForDeploymentPostprocessing = 0;
		};
		271C0745247257E7008D367A /* Resources */ = {
			isa = PBXResourcesBuildPhase;
			buildActionMask = 2147483647;
			files = (
			);
			runOnlyForDeploymentPostprocessing = 0;
		};
/* End PBXResourcesBuildPhase section */

/* Begin PBXSourcesBuildPhase section */
		271C072D247257E2008D367A /* Sources */ = {
			isa = PBXSourcesBuildPhase;
			buildActionMask = 2147483647;
			files = (
				271C0739247257E2008D367A /* ViewController.swift in Sources */,
				271C075924726622008D367A /* Setting.swift in Sources */,
				271C0735247257E2008D367A /* AppDelegate.swift in Sources */,
				271C075724725FB4008D367A /* BluetoothPeripheral.swift in Sources */,
				271C0737247257E2008D367A /* SceneDelegate.swift in Sources */,
				276F104C24FD60A400E487E9 /* UUIDViewController.swift in Sources */,
			);
			runOnlyForDeploymentPostprocessing = 0;
		};
		271C0743247257E7008D367A /* Sources */ = {
			isa = PBXSourcesBuildPhase;
			buildActionMask = 2147483647;
			files = (
				271C074C247257E7008D367A /* BluetoothPeripheralTests.swift in Sources */,
			);
			runOnlyForDeploymentPostprocessing = 0;
		};
/* End PBXSourcesBuildPhase section */

/* Begin PBXTargetDependency section */
		271C0749247257E7008D367A /* PBXTargetDependency */ = {
			isa = PBXTargetDependency;
			target = 271C0730247257E2008D367A /* BluetoothPeripheral */;
			targetProxy = 271C0748247257E7008D367A /* PBXContainerItemProxy */;
		};
/* End PBXTargetDependency section */

/* Begin PBXVariantGroup section */
		271C073A247257E2008D367A /* Main.storyboard */ = {
			isa = PBXVariantGroup;
			children = (
				271C073B247257E2008D367A /* Base */,
			);
			name = Main.storyboard;
			sourceTree = "<group>";
		};
		271C073F247257E6008D367A /* LaunchScreen.storyboard */ = {
			isa = PBXVariantGroup;
			children = (
				271C0740247257E6008D367A /* Base */,
			);
			name = LaunchScreen.storyboard;
			sourceTree = "<group>";
		};
/* End PBXVariantGroup section */

/* Begin XCBuildConfiguration section */
		271C074E247257E7008D367A /* Debug */ = {
			isa = XCBuildConfiguration;
			buildSettings = {
				ALWAYS_SEARCH_USER_PATHS = NO;
				CLANG_ANALYZER_NONNULL = YES;
				CLANG_ANALYZER_NUMBER_OBJECT_CONVERSION = YES_AGGRESSIVE;
				CLANG_CXX_LANGUAGE_STANDARD = "gnu++14";
				CLANG_CXX_LIBRARY = "libc++";
				CLANG_ENABLE_MODULES = YES;
				CLANG_ENABLE_OBJC_ARC = YES;
				CLANG_ENABLE_OBJC_WEAK = YES;
				CLANG_WARN_BLOCK_CAPTURE_AUTORELEASING = YES;
				CLANG_WARN_BOOL_CONVERSION = YES;
				CLANG_WARN_COMMA = YES;
				CLANG_WARN_CONSTANT_CONVERSION = YES;
				CLANG_WARN_DEPRECATED_OBJC_IMPLEMENTATIONS = YES;
				CLANG_WARN_DIRECT_OBJC_ISA_USAGE = YES_ERROR;
				CLANG_WARN_DOCUMENTATION_COMMENTS = YES;
				CLANG_WARN_EMPTY_BODY = YES;
				CLANG_WARN_ENUM_CONVERSION = YES;
				CLANG_WARN_INFINITE_RECURSION = YES;
				CLANG_WARN_INT_CONVERSION = YES;
				CLANG_WARN_NON_LITERAL_NULL_CONVERSION = YES;
				CLANG_WARN_OBJC_IMPLICIT_RETAIN_SELF = YES;
				CLANG_WARN_OBJC_LITERAL_CONVERSION = YES;
				CLANG_WARN_OBJC_ROOT_CLASS = YES_ERROR;
				CLANG_WARN_RANGE_LOOP_ANALYSIS = YES;
				CLANG_WARN_STRICT_PROTOTYPES = YES;
				CLANG_WARN_SUSPICIOUS_MOVE = YES;
				CLANG_WARN_UNGUARDED_AVAILABILITY = YES_AGGRESSIVE;
				CLANG_WARN_UNREACHABLE_CODE = YES;
				CLANG_WARN__DUPLICATE_METHOD_MATCH = YES;
				COPY_PHASE_STRIP = NO;
				DEBUG_INFORMATION_FORMAT = dwarf;
				ENABLE_STRICT_OBJC_MSGSEND = YES;
				ENABLE_TESTABILITY = YES;
				GCC_C_LANGUAGE_STANDARD = gnu11;
				GCC_DYNAMIC_NO_PIC = NO;
				GCC_NO_COMMON_BLOCKS = YES;
				GCC_OPTIMIZATION_LEVEL = 0;
				GCC_PREPROCESSOR_DEFINITIONS = (
					"DEBUG=1",
					"$(inherited)",
				);
				GCC_WARN_64_TO_32_BIT_CONVERSION = YES;
				GCC_WARN_ABOUT_RETURN_TYPE = YES_ERROR;
				GCC_WARN_UNDECLARED_SELECTOR = YES;
				GCC_WARN_UNINITIALIZED_AUTOS = YES_AGGRESSIVE;
				GCC_WARN_UNUSED_FUNCTION = YES;
				GCC_WARN_UNUSED_VARIABLE = YES;
				IPHONEOS_DEPLOYMENT_TARGET = 13.0;
				MTL_ENABLE_DEBUG_INFO = INCLUDE_SOURCE;
				MTL_FAST_MATH = YES;
				ONLY_ACTIVE_ARCH = YES;
				SDKROOT = iphoneos;
				SWIFT_ACTIVE_COMPILATION_CONDITIONS = DEBUG;
				SWIFT_OPTIMIZATION_LEVEL = "-Onone";
			};
			name = Debug;
		};
		271C074F247257E7008D367A /* Release */ = {
			isa = XCBuildConfiguration;
			buildSettings = {
				ALWAYS_SEARCH_USER_PATHS = NO;
				CLANG_ANALYZER_NONNULL = YES;
				CLANG_ANALYZER_NUMBER_OBJECT_CONVERSION = YES_AGGRESSIVE;
				CLANG_CXX_LANGUAGE_STANDARD = "gnu++14";
				CLANG_CXX_LIBRARY = "libc++";
				CLANG_ENABLE_MODULES = YES;
				CLANG_ENABLE_OBJC_ARC = YES;
				CLANG_ENABLE_OBJC_WEAK = YES;
				CLANG_WARN_BLOCK_CAPTURE_AUTORELEASING = YES;
				CLANG_WARN_BOOL_CONVERSION = YES;
				CLANG_WARN_COMMA = YES;
				CLANG_WARN_CONSTANT_CONVERSION = YES;
				CLANG_WARN_DEPRECATED_OBJC_IMPLEMENTATIONS = YES;
				CLANG_WARN_DIRECT_OBJC_ISA_USAGE = YES_ERROR;
				CLANG_WARN_DOCUMENTATION_COMMENTS = YES;
				CLANG_WARN_EMPTY_BODY = YES;
				CLANG_WARN_ENUM_CONVERSION = YES;
				CLANG_WARN_INFINITE_RECURSION = YES;
				CLANG_WARN_INT_CONVERSION = YES;
				CLANG_WARN_NON_LITERAL_NULL_CONVERSION = YES;
				CLANG_WARN_OBJC_IMPLICIT_RETAIN_SELF = YES;
				CLANG_WARN_OBJC_LITERAL_CONVERSION = YES;
				CLANG_WARN_OBJC_ROOT_CLASS = YES_ERROR;
				CLANG_WARN_RANGE_LOOP_ANALYSIS = YES;
				CLANG_WARN_STRICT_PROTOTYPES = YES;
				CLANG_WARN_SUSPICIOUS_MOVE = YES;
				CLANG_WARN_UNGUARDED_AVAILABILITY = YES_AGGRESSIVE;
				CLANG_WARN_UNREACHABLE_CODE = YES;
				CLANG_WARN__DUPLICATE_METHOD_MATCH = YES;
				COPY_PHASE_STRIP = NO;
				DEBUG_INFORMATION_FORMAT = "dwarf-with-dsym";
				ENABLE_NS_ASSERTIONS = NO;
				ENABLE_STRICT_OBJC_MSGSEND = YES;
				GCC_C_LANGUAGE_STANDARD = gnu11;
				GCC_NO_COMMON_BLOCKS = YES;
				GCC_WARN_64_TO_32_BIT_CONVERSION = YES;
				GCC_WARN_ABOUT_RETURN_TYPE = YES_ERROR;
				GCC_WARN_UNDECLARED_SELECTOR = YES;
				GCC_WARN_UNINITIALIZED_AUTOS = YES_AGGRESSIVE;
				GCC_WARN_UNUSED_FUNCTION = YES;
				GCC_WARN_UNUSED_VARIABLE = YES;
				IPHONEOS_DEPLOYMENT_TARGET = 13.0;
				MTL_ENABLE_DEBUG_INFO = NO;
				MTL_FAST_MATH = YES;
				SDKROOT = iphoneos;
				SWIFT_COMPILATION_MODE = wholemodule;
				SWIFT_OPTIMIZATION_LEVEL = "-O";
				VALIDATE_PRODUCT = YES;
			};
			name = Release;
		};
		271C0751247257E7008D367A /* Debug */ = {
			isa = XCBuildConfiguration;
			buildSettings = {
				ASSETCATALOG_COMPILER_APPICON_NAME = AppIcon;
				CODE_SIGN_STYLE = Automatic;
				DEVELOPMENT_TEAM = 6HUU98FCLC;
				INFOPLIST_FILE = BluetoothPeripheral/Info.plist;
				LD_RUNPATH_SEARCH_PATHS = (
					"$(inherited)",
					"@executable_path/Frameworks",
				);
				PRODUCT_BUNDLE_IDENTIFIER = com.example.BluetoothPeripheral;
				PRODUCT_NAME = "$(TARGET_NAME)";
				SWIFT_VERSION = 5.0;
				TARGETED_DEVICE_FAMILY = "1,2";
			};
			name = Debug;
		};
		271C0752247257E7008D367A /* Release */ = {
			isa = XCBuildConfiguration;
			buildSettings = {
				ASSETCATALOG_COMPILER_APPICON_NAME = AppIcon;
				CODE_SIGN_STYLE = Automatic;
				DEVELOPMENT_TEAM = 6HUU98FCLC;
				INFOPLIST_FILE = BluetoothPeripheral/Info.plist;
				LD_RUNPATH_SEARCH_PATHS = (
					"$(inherited)",
					"@executable_path/Frameworks",
				);
				PRODUCT_BUNDLE_IDENTIFIER = com.example.BluetoothPeripheral;
				PRODUCT_NAME = "$(TARGET_NAME)";
				SWIFT_VERSION = 5.0;
				TARGETED_DEVICE_FAMILY = "1,2";
			};
			name = Release;
		};
		271C0754247257E7008D367A /* Debug */ = {
			isa = XCBuildConfiguration;
			buildSettings = {
				ALWAYS_EMBED_SWIFT_STANDARD_LIBRARIES = YES;
				BUNDLE_LOADER = "$(TEST_HOST)";
				CODE_SIGN_STYLE = Automatic;
				INFOPLIST_FILE = BluetoothPeripheralTests/Info.plist;
				IPHONEOS_DEPLOYMENT_TARGET = 13.2;
				LD_RUNPATH_SEARCH_PATHS = (
					"$(inherited)",
					"@executable_path/Frameworks",
					"@loader_path/Frameworks",
				);
				PRODUCT_BUNDLE_IDENTIFIER = com.example.BluetoothPeripheralTests;
				PRODUCT_NAME = "$(TARGET_NAME)";
				SWIFT_VERSION = 5.0;
				TARGETED_DEVICE_FAMILY = "1,2";
				TEST_HOST = "$(BUILT_PRODUCTS_DIR)/BluetoothPeripheral.app/BluetoothPeripheral";
			};
			name = Debug;
		};
		271C0755247257E7008D367A /* Release */ = {
			isa = XCBuildConfiguration;
			buildSettings = {
				ALWAYS_EMBED_SWIFT_STANDARD_LIBRARIES = YES;
				BUNDLE_LOADER = "$(TEST_HOST)";
				CODE_SIGN_STYLE = Automatic;
				INFOPLIST_FILE = BluetoothPeripheralTests/Info.plist;
				IPHONEOS_DEPLOYMENT_TARGET = 13.2;
				LD_RUNPATH_SEARCH_PATHS = (
					"$(inherited)",
					"@executable_path/Frameworks",
					"@loader_path/Frameworks",
				);
				PRODUCT_BUNDLE_IDENTIFIER = com.example.BluetoothPeripheralTests;
				PRODUCT_NAME = "$(TARGET_NAME)";
				SWIFT_VERSION = 5.0;
				TARGETED_DEVICE_FAMILY = "1,2";
				TEST_HOST = "$(BUILT_PRODUCTS_DIR)/BluetoothPeripheral.app/BluetoothPeripheral";
			};
			name = Release;
		};
/* End XCBuildConfiguration section */

/* Begin XCConfigurationList section */
		271C072C247257E2008D367A /* Build configuration list for PBXProject "BluetoothPeripheral" */ = {
			isa = XCConfigurationList;
			buildConfigurations = (
				271C074E247257E7008D367A /* Debug */,
				271C074F247257E7008D367A /* Release */,
			);
			defaultConfigurationIsVisible = 0;
			defaultConfigurationName = Release;
		};
		271C0750247257E7008D367A /* Build configuration list for PBXNativeTarget "BluetoothPeripheral" */ = {
			isa = XCConfigurationList;
			buildConfigurations = (
				271C0751247257E7008D367A /* Debug */,
				271C0752247257E7008D367A /* Release */,
			);
			defaultConfigurationIsVisible = 0;
			defaultConfigurationName = Release;
		};
		271C0753247257E7008D367A /* Build configuration list for PBXNativeTarget "BluetoothPeripheralTests" */ = {
			isa = XCConfigurationList;
			buildConfigurations = (
				271C0754247257E7008D367A /* Debug */,
				271C0755247257E7008D367A /* Release */,
			);
			defaultConfigurationIsVisible = 0;
			defaultConfigurationName = Release;
		};
/* End XCConfigurationList section */
	};
	rootObject = 271C0729247257E2008D367A /* Project object */;
}
